{
  "name": "converge-loop",
  "version": "0.3.1",
  "lockfileVersion": 3,
  "requires": true,
  "packages": {
    "": {
      "name": "converge-loop",
      "version": "0.3.1",
      "license": "Apache-2.0",
      "bin": {
        "converge-loop": "scripts/bin/converge-loop.mjs"
      }
    }
  }
}
